# This file is automatically @generated by Cargo.
# It is not intended for manual editing.
version = 4

[[package]]
name = "const-fnv1a-hash"
version = "1.1.0"
source = "registry+https://github.com/rust-lang/crates.io-index"
checksum = "32b13ea120a812beba79e34316b3942a857c86ec1593cb34f27bb28272ce2cca"

[[package]]
name = "dualhashkey"
version = "0.1.4"
dependencies = [
 "const-fnv1a-hash",
]
